
Microsoft Visual Studio Solution File, Format Version 12.00
# Visual Studio Version 16
VisualStudioVersion = 16.0.31515.178
MinimumVisualStudioVersion = 10.0.40219.1
Project("{FAE04EC0-301F-11D3-BF4B-00C04F79EFBC}") = "ClassBuilderGenerator", "ClassBuilderGenerator.csproj", "{C0325195-12C3-4724-AA43-D8B9FB7BB375}"
EndProject
Global
	GlobalSection(SolutionConfigurationPlatforms) = preSolution
		Debug|Any CPU = Debug|Any CPU
		Release|Any CPU = Release|Any CPU
	EndGlobalSection
	GlobalSection(ProjectConfigurationPlatforms) = postSolution
		{C0325195-12C3-4724-AA43-D8B9FB7BB375}.Debug|Any CPU.ActiveCfg = Debug|Any CPU
		{C0325195-12C3-4724-AA43-D8B9FB7BB375}.Debug|Any CPU.Build.0 = Debug|Any CPU
		{C0325195-12C3-4724-AA43-D8B9FB7BB375}.Release|Any CPU.ActiveCfg = Release|Any CPU
		{C0325195-12C3-4724-AA43-D8B9FB7BB375}.Release|Any CPU.Build.0 = Release|Any CPU
	EndGlobalSection
	GlobalSection(SolutionProperties) = preSolution
		HideSolutionNode = FALSE
	EndGlobalSection
	GlobalSection(ExtensibilityGlobals) = postSolution
		SolutionGuid = {D7BA0AA3-6D8D-418A-A139-FAE8CE5429A3}
	EndGlobalSection
EndGlobal
